{
    "_readme": [
        "This file locks the dependencies of your project to a known state",
        "Read more about it at https://getcomposer.org/doc/01-basic-usage.md#composer-lock-the-lock-file",
        "This file is @generated automatically"
    ],
    "hash": "37f4a3dc58f905cd318726ce47da4ad0",
    "content-hash": "9eb1d5e54b39dd3dc60d2515dbdd8ec3",
    "packages": [
        {
            "name": "xxlv/hero",
            "version": "dev-master",
            "source": {
                "type": "git",
                "url": "https://github.com/xxlv/hero.git",
                "reference": "bafc0232032e348bb36d6bf272190eeb6b305af9"
            },
            "dist": {
                "type": "zip",
                "url": "https://api.github.com/repos/xxlv/hero/zipball/bafc0232032e348bb36d6bf272190eeb6b305af9",
                "reference": "bafc0232032e348bb36d6bf272190eeb6b305af9",
                "shasum": ""
            },
            "type": "library",
            "autoload": {
                "psr-4": {
                    "Hero\\": "src/Hero"
                }
            },
            "authors": [
                {
                    "name": "x",
                    "email": "lvxiang119@gmail.com"
                }
            ],
            "support": {
                "source": "https://github.com/xxlv/hero/tree/master",
                "issues": "https://github.com/xxlv/hero/issues"
            },
            "time": "2016-04-14 14:36:40"
        }
    ],
    "packages-dev": [],
    "aliases": [],
    "minimum-stability": "stable",
    "stability-flags": {
        "xxlv/hero": 20
    },
    "prefer-stable": false,
    "prefer-lowest": false,
    "platform": [],
    "platform-dev": []
}
